// !$*UTF8*$!
{
	archiveVersion = 1;
	classes = {
	};
	objectVersion = 46;
	objects = {

/* Begin PBXBuildFile section */
		1A31228D1B4E790A0075FF61 /* LayoutFramework.h in Headers */ = {isa = PBXBuildFile; fileRef = 1A31228C1B4E790A0075FF61 /* LayoutFramework.h */; settings = {ATTRIBUTES = (Public, ); }; };
		1A3122931B4E790A0075FF61 /* LayoutFramework.framework in Frameworks */ = {isa = PBXBuildFile; fileRef = 1A3122881B4E790A0075FF61 /* LayoutFramework.framework */; };
		1A31229C1B4E790A0075FF61 /* LayoutFrameworkTests.swift in Sources */ = {isa = PBXBuildFile; fileRef = 1A31229B1B4E790A0075FF61 /* LayoutFrameworkTests.swift */; };
		1A31229F1B4E790A0075FF61 /* LayoutFramework.framework in Frameworks */ = {isa = PBXBuildFile; fileRef = 1A3122881B4E790A0075FF61 /* LayoutFramework.framework */; };
		1A3122A01B4E790A0075FF61 /* LayoutFramework.framework in Embed Frameworks */ = {isa = PBXBuildFile; fileRef = 1A3122881B4E790A0075FF61 /* LayoutFramework.framework */; settings = {ATTRIBUTES = (CodeSignOnCopy, RemoveHeadersOnCopy, ); }; };
		1A3122A91B4E791C0075FF61 /* Sizable.swift in Sources */ = {isa = PBXBuildFile; fileRef = 1A3122A81B4E791C0075FF61 /* Sizable.swift */; };
		1A3122AB1B4E793C0075FF61 /* PlainText.swift in Sources */ = {isa = PBXBuildFile; fileRef = 1A3122AA1B4E793C0075FF61 /* PlainText.swift */; };
		1A3122B31B4E7E640075FF61 /* Stack.swift in Sources */ = {isa = PBXBuildFile; fileRef = 1A3122B21B4E7E640075FF61 /* Stack.swift */; };
		1A3122B51B4E7EA90075FF61 /* SizableTests.swift in Sources */ = {isa = PBXBuildFile; fileRef = 1A3122B41B4E7EA90075FF61 /* SizableTests.swift */; };
		1A3122B91B4E80230075FF61 /* FixedObject.swift in Sources */ = {isa = PBXBuildFile; fileRef = 1A3122B81B4E80230075FF61 /* FixedObject.swift */; };
		1A3EA53E1B4E9CDA0008708F /* Drawable.swift in Sources */ = {isa = PBXBuildFile; fileRef = 1A3EA53D1B4E9CDA0008708F /* Drawable.swift */; };
		1A3EA5401B4E9F310008708F /* PlainTextTests.swift in Sources */ = {isa = PBXBuildFile; fileRef = 1A3EA53F1B4E9F310008708F /* PlainTextTests.swift */; };
		1A3EA5421B4EAFCB0008708F /* StackCollectionViewCell.swift in Sources */ = {isa = PBXBuildFile; fileRef = 1A3EA5411B4EAFCB0008708F /* StackCollectionViewCell.swift */; };
		1A3EA5441B4EB0400008708F /* StackView.swift in Sources */ = {isa = PBXBuildFile; fileRef = 1A3EA5431B4EB0400008708F /* StackView.swift */; };
		1A3EA5461B4EB0CD0008708F /* CollectionViewController.swift in Sources */ = {isa = PBXBuildFile; fileRef = 1A3EA5451B4EB0CD0008708F /* CollectionViewController.swift */; };
		1A3EA5481B4EB1030008708F /* Constants.swift in Sources */ = {isa = PBXBuildFile; fileRef = 1A3EA5471B4EB1030008708F /* Constants.swift */; };
		1A3EA54E1B4EB9E00008708F /* StackCollectionViewLayout.swift in Sources */ = {isa = PBXBuildFile; fileRef = 1A3EA54D1B4EB9E00008708F /* StackCollectionViewLayout.swift */; };
		1A3EA5501B4ECA300008708F /* StackCollectionViewController.swift in Sources */ = {isa = PBXBuildFile; fileRef = 1A3EA54F1B4ECA300008708F /* StackCollectionViewController.swift */; };
		1A3EA5521B4EDFD50008708F /* FlexibleObjectTests.swift in Sources */ = {isa = PBXBuildFile; fileRef = 1A3EA5511B4EDFD50008708F /* FlexibleObjectTests.swift */; };
		1A3EA5541B4EE3500008708F /* FlexibleObject.swift in Sources */ = {isa = PBXBuildFile; fileRef = 1A3EA5531B4EE3500008708F /* FlexibleObject.swift */; };
		1A6145BF1B4E81B900646E89 /* StackTests.swift in Sources */ = {isa = PBXBuildFile; fileRef = 1A6145BE1B4E81B900646E89 /* StackTests.swift */; };
		1A9299A81B4E6CC100AFB05C /* AppDelegate.swift in Sources */ = {isa = PBXBuildFile; fileRef = 1A9299A71B4E6CC100AFB05C /* AppDelegate.swift */; };
		1A9299AA1B4E6CC100AFB05C /* ViewController.swift in Sources */ = {isa = PBXBuildFile; fileRef = 1A9299A91B4E6CC100AFB05C /* ViewController.swift */; };
		1A9299AD1B4E6CC100AFB05C /* Main.storyboard in Resources */ = {isa = PBXBuildFile; fileRef = 1A9299AB1B4E6CC100AFB05C /* Main.storyboard */; };
		1A9299AF1B4E6CC100AFB05C /* Images.xcassets in Resources */ = {isa = PBXBuildFile; fileRef = 1A9299AE1B4E6CC100AFB05C /* Images.xcassets */; };
		1A9299B21B4E6CC100AFB05C /* LaunchScreen.xib in Resources */ = {isa = PBXBuildFile; fileRef = 1A9299B01B4E6CC100AFB05C /* LaunchScreen.xib */; };
		1A9299BE1B4E6CC100AFB05C /* LayoutTests.swift in Sources */ = {isa = PBXBuildFile; fileRef = 1A9299BD1B4E6CC100AFB05C /* LayoutTests.swift */; };
/* End PBXBuildFile section */

/* Begin PBXContainerItemProxy section */
		1A3122941B4E790A0075FF61 /* PBXContainerItemProxy */ = {
			isa = PBXContainerItemProxy;
			containerPortal = 1A92999A1B4E6CC100AFB05C /* Project object */;
			proxyType = 1;
			remoteGlobalIDString = 1A3122871B4E790A0075FF61;
			remoteInfo = LayoutFramework;
		};
		1A3122961B4E790A0075FF61 /* PBXContainerItemProxy */ = {
			isa = PBXContainerItemProxy;
			containerPortal = 1A92999A1B4E6CC100AFB05C /* Project object */;
			proxyType = 1;
			remoteGlobalIDString = 1A9299A11B4E6CC100AFB05C;
			remoteInfo = Layout;
		};
		1A31229D1B4E790A0075FF61 /* PBXContainerItemProxy */ = {
			isa = PBXContainerItemProxy;
			containerPortal = 1A92999A1B4E6CC100AFB05C /* Project object */;
			proxyType = 1;
			remoteGlobalIDString = 1A3122871B4E790A0075FF61;
			remoteInfo = LayoutFramework;
		};
		1A9299B81B4E6CC100AFB05C /* PBXContainerItemProxy */ = {
			isa = PBXContainerItemProxy;
			containerPortal = 1A92999A1B4E6CC100AFB05C /* Project object */;
			proxyType = 1;
			remoteGlobalIDString = 1A9299A11B4E6CC100AFB05C;
			remoteInfo = Layout;
		};
/* End PBXContainerItemProxy section */

/* Begin PBXCopyFilesBuildPhase section */
		1A3122A61B4E790A0075FF61 /* Embed Frameworks */ = {
			isa = PBXCopyFilesBuildPhase;
			buildActionMask = 2147483647;
			dstPath = "";
			dstSubfolderSpec = 10;
			files = (
				1A3122A01B4E790A0075FF61 /* LayoutFramework.framework in Embed Frameworks */,
			);
			name = "Embed Frameworks";
			runOnlyForDeploymentPostprocessing = 0;
		};
/* End PBXCopyFilesBuildPhase section */

/* Begin PBXFileReference section */
		1A3122881B4E790A0075FF61 /* LayoutFramework.framework */ = {isa = PBXFileReference; explicitFileType = wrapper.framework; includeInIndex = 0; path = LayoutFramework.framework; sourceTree = BUILT_PRODUCTS_DIR; };
		1A31228B1B4E790A0075FF61 /* Info.plist */ = {isa = PBXFileReference; lastKnownFileType = text.plist.xml; path = Info.plist; sourceTree = "<group>"; };
		1A31228C1B4E790A0075FF61 /* LayoutFramework.h */ = {isa = PBXFileReference; lastKnownFileType = sourcecode.c.h; path = LayoutFramework.h; sourceTree = "<group>"; };
		1A3122921B4E790A0075FF61 /* LayoutFrameworkTests.xctest */ = {isa = PBXFileReference; explicitFileType = wrapper.cfbundle; includeInIndex = 0; path = LayoutFrameworkTests.xctest; sourceTree = BUILT_PRODUCTS_DIR; };
		1A31229A1B4E790A0075FF61 /* Info.plist */ = {isa = PBXFileReference; lastKnownFileType = text.plist.xml; path = Info.plist; sourceTree = "<group>"; };
		1A31229B1B4E790A0075FF61 /* LayoutFrameworkTests.swift */ = {isa = PBXFileReference; lastKnownFileType = sourcecode.swift; path = LayoutFrameworkTests.swift; sourceTree = "<group>"; };
		1A3122A81B4E791C0075FF61 /* Sizable.swift */ = {isa = PBXFileReference; fileEncoding = 4; lastKnownFileType = sourcecode.swift; path = Sizable.swift; sourceTree = "<group>"; };
		1A3122AA1B4E793C0075FF61 /* PlainText.swift */ = {isa = PBXFileReference; fileEncoding = 4; lastKnownFileType = sourcecode.swift; path = PlainText.swift; sourceTree = "<group>"; };
		1A3122B21B4E7E640075FF61 /* Stack.swift */ = {isa = PBXFileReference; fileEncoding = 4; lastKnownFileType = sourcecode.swift; path = Stack.swift; sourceTree = "<group>"; };
		1A3122B41B4E7EA90075FF61 /* SizableTests.swift */ = {isa = PBXFileReference; fileEncoding = 4; lastKnownFileType = sourcecode.swift; path = SizableTests.swift; sourceTree = "<group>"; };
		1A3122B81B4E80230075FF61 /* FixedObject.swift */ = {isa = PBXFileReference; fileEncoding = 4; lastKnownFileType = sourcecode.swift; path = FixedObject.swift; sourceTree = "<group>"; };
		1A3EA53D1B4E9CDA0008708F /* Drawable.swift */ = {isa = PBXFileReference; fileEncoding = 4; lastKnownFileType = sourcecode.swift; path = Drawable.swift; sourceTree = "<group>"; };
		1A3EA53F1B4E9F310008708F /* PlainTextTests.swift */ = {isa = PBXFileReference; fileEncoding = 4; lastKnownFileType = sourcecode.swift; path = PlainTextTests.swift; sourceTree = "<group>"; };
		1A3EA5411B4EAFCB0008708F /* StackCollectionViewCell.swift */ = {isa = PBXFileReference; fileEncoding = 4; lastKnownFileType = sourcecode.swift; path = StackCollectionViewCell.swift; sourceTree = "<group>"; };
		1A3EA5431B4EB0400008708F /* StackView.swift */ = {isa = PBXFileReference; fileEncoding = 4; lastKnownFileType = sourcecode.swift; path = StackView.swift; sourceTree = "<group>"; };
		1A3EA5451B4EB0CD0008708F /* CollectionViewController.swift */ = {isa = PBXFileReference; fileEncoding = 4; lastKnownFileType = sourcecode.swift; path = CollectionViewController.swift; sourceTree = "<group>"; };
		1A3EA5471B4EB1030008708F /* Constants.swift */ = {isa = PBXFileReference; fileEncoding = 4; lastKnownFileType = sourcecode.swift; path = Constants.swift; sourceTree = "<group>"; };
		1A3EA54D1B4EB9E00008708F /* StackCollectionViewLayout.swift */ = {isa = PBXFileReference; fileEncoding = 4; lastKnownFileType = sourcecode.swift; path = StackCollectionViewLayout.swift; sourceTree = "<group>"; };
		1A3EA54F1B4ECA300008708F /* StackCollectionViewController.swift */ = {isa = PBXFileReference; fileEncoding = 4; lastKnownFileType = sourcecode.swift; path = StackCollectionViewController.swift; sourceTree = "<group>"; };
		1A3EA5511B4EDFD50008708F /* FlexibleObjectTests.swift */ = {isa = PBXFileReference; fileEncoding = 4; lastKnownFileType = sourcecode.swift; path = FlexibleObjectTests.swift; sourceTree = "<group>"; };
		1A3EA5531B4EE3500008708F /* FlexibleObject.swift */ = {isa = PBXFileReference; fileEncoding = 4; lastKnownFileType = sourcecode.swift; path = FlexibleObject.swift; sourceTree = "<group>"; };
		1A6145BE1B4E81B900646E89 /* StackTests.swift */ = {isa = PBXFileReference; fileEncoding = 4; lastKnownFileType = sourcecode.swift; path = StackTests.swift; sourceTree = "<group>"; };
		1A9299A21B4E6CC100AFB05C /* Layout.app */ = {isa = PBXFileReference; explicitFileType = wrapper.application; includeInIndex = 0; path = Layout.app; sourceTree = BUILT_PRODUCTS_DIR; };
		1A9299A61B4E6CC100AFB05C /* Info.plist */ = {isa = PBXFileReference; lastKnownFileType = text.plist.xml; path = Info.plist; sourceTree = "<group>"; };
		1A9299A71B4E6CC100AFB05C /* AppDelegate.swift */ = {isa = PBXFileReference; lastKnownFileType = sourcecode.swift; path = AppDelegate.swift; sourceTree = "<group>"; };
		1A9299A91B4E6CC100AFB05C /* ViewController.swift */ = {isa = PBXFileReference; lastKnownFileType = sourcecode.swift; path = ViewController.swift; sourceTree = "<group>"; };
		1A9299AC1B4E6CC100AFB05C /* Base */ = {isa = PBXFileReference; lastKnownFileType = file.storyboard; name = Base; path = Base.lproj/Main.storyboard; sourceTree = "<group>"; };
		1A9299AE1B4E6CC100AFB05C /* Images.xcassets */ = {isa = PBXFileReference; lastKnownFileType = folder.assetcatalog; path = Images.xcassets; sourceTree = "<group>"; };
		1A9299B11B4E6CC100AFB05C /* Base */ = {isa = PBXFileReference; lastKnownFileType = file.xib; name = Base; path = Base.lproj/LaunchScreen.xib; sourceTree = "<group>"; };
		1A9299B71B4E6CC100AFB05C /* LayoutTests.xctest */ = {isa = PBXFileReference; explicitFileType = wrapper.cfbundle; includeInIndex = 0; path = LayoutTests.xctest; sourceTree = BUILT_PRODUCTS_DIR; };
		1A9299BC1B4E6CC100AFB05C /* Info.plist */ = {isa = PBXFileReference; lastKnownFileType = text.plist.xml; path = Info.plist; sourceTree = "<group>"; };
		1A9299BD1B4E6CC100AFB05C /* LayoutTests.swift */ = {isa = PBXFileReference; lastKnownFileType = sourcecode.swift; path = LayoutTests.swift; sourceTree = "<group>"; };
/* End PBXFileReference section */

/* Begin PBXFrameworksBuildPhase section */
		1A3122841B4E790A0075FF61 /* Frameworks */ = {
			isa = PBXFrameworksBuildPhase;
			buildActionMask = 2147483647;
			files = (
			);
			runOnlyForDeploymentPostprocessing = 0;
		};
		1A31228F1B4E790A0075FF61 /* Frameworks */ = {
			isa = PBXFrameworksBuildPhase;
			buildActionMask = 2147483647;
			files = (
				1A3122931B4E790A0075FF61 /* LayoutFramework.framework in Frameworks */,
			);
			runOnlyForDeploymentPostprocessing = 0;
		};
		1A92999F1B4E6CC100AFB05C /* Frameworks */ = {
			isa = PBXFrameworksBuildPhase;
			buildActionMask = 2147483647;
			files = (
				1A31229F1B4E790A0075FF61 /* LayoutFramework.framework in Frameworks */,
			);
			runOnlyForDeploymentPostprocessing = 0;
		};
		1A9299B41B4E6CC100AFB05C /* Frameworks */ = {
			isa = PBXFrameworksBuildPhase;
			buildActionMask = 2147483647;
			files = (
			);
			runOnlyForDeploymentPostprocessing = 0;
		};
/* End PBXFrameworksBuildPhase section */

/* Begin PBXGroup section */
		1A3122891B4E790A0075FF61 /* LayoutFramework */ = {
			isa = PBXGroup;
			children = (
				1A31228C1B4E790A0075FF61 /* LayoutFramework.h */,
				1A3EA53D1B4E9CDA0008708F /* Drawable.swift */,
				1A3122A81B4E791C0075FF61 /* Sizable.swift */,
				1A3122B81B4E80230075FF61 /* FixedObject.swift */,
				1A3EA5531B4EE3500008708F /* FlexibleObject.swift */,
				1A3122AA1B4E793C0075FF61 /* PlainText.swift */,
				1A3122B21B4E7E640075FF61 /* Stack.swift */,
				1A3EA5431B4EB0400008708F /* StackView.swift */,
				1A3EA5411B4EAFCB0008708F /* StackCollectionViewCell.swift */,
				1A3EA54D1B4EB9E00008708F /* StackCollectionViewLayout.swift */,
				1A31228A1B4E790A0075FF61 /* Supporting Files */,
			);
			path = LayoutFramework;
			sourceTree = "<group>";
		};
		1A31228A1B4E790A0075FF61 /* Supporting Files */ = {
			isa = PBXGroup;
			children = (
				1A31228B1B4E790A0075FF61 /* Info.plist */,
			);
			name = "Supporting Files";
			sourceTree = "<group>";
		};
		1A3122981B4E790A0075FF61 /* LayoutFrameworkTests */ = {
			isa = PBXGroup;
			children = (
				1A31229B1B4E790A0075FF61 /* LayoutFrameworkTests.swift */,
				1A3122B41B4E7EA90075FF61 /* SizableTests.swift */,
				1A6145BE1B4E81B900646E89 /* StackTests.swift */,
				1A3EA53F1B4E9F310008708F /* PlainTextTests.swift */,
				1A3EA5511B4EDFD50008708F /* FlexibleObjectTests.swift */,
				1A3122991B4E790A0075FF61 /* Supporting Files */,
			);
			path = LayoutFrameworkTests;
			sourceTree = "<group>";
		};
		1A3122991B4E790A0075FF61 /* Supporting Files */ = {
			isa = PBXGroup;
			children = (
				1A31229A1B4E790A0075FF61 /* Info.plist */,
			);
			name = "Supporting Files";
			sourceTree = "<group>";
		};
		1A9299991B4E6CC100AFB05C = {
			isa = PBXGroup;
			children = (
				1A9299A41B4E6CC100AFB05C /* Layout */,
				1A9299BA1B4E6CC100AFB05C /* LayoutTests */,
				1A3122891B4E790A0075FF61 /* LayoutFramework */,
				1A3122981B4E790A0075FF61 /* LayoutFrameworkTests */,
				1A9299A31B4E6CC100AFB05C /* Products */,
			);
			sourceTree = "<group>";
		};
		1A9299A31B4E6CC100AFB05C /* Products */ = {
			isa = PBXGroup;
			children = (
				1A9299A21B4E6CC100AFB05C /* Layout.app */,
				1A9299B71B4E6CC100AFB05C /* LayoutTests.xctest */,
				1A3122881B4E790A0075FF61 /* LayoutFramework.framework */,
				1A3122921B4E790A0075FF61 /* LayoutFrameworkTests.xctest */,
			);
			name = Products;
			sourceTree = "<group>";
		};
		1A9299A41B4E6CC100AFB05C /* Layout */ = {
			isa = PBXGroup;
			children = (
				1A9299A71B4E6CC100AFB05C /* AppDelegate.swift */,
				1A3EA5471B4EB1030008708F /* Constants.swift */,
				1A9299A91B4E6CC100AFB05C /* ViewController.swift */,
				1A3EA5451B4EB0CD0008708F /* CollectionViewController.swift */,
				1A3EA54F1B4ECA300008708F /* StackCollectionViewController.swift */,
				1A9299AB1B4E6CC100AFB05C /* Main.storyboard */,
				1A9299AE1B4E6CC100AFB05C /* Images.xcassets */,
				1A9299B01B4E6CC100AFB05C /* LaunchScreen.xib */,
				1A9299A51B4E6CC100AFB05C /* Supporting Files */,
			);
			path = Layout;
			sourceTree = "<group>";
		};
		1A9299A51B4E6CC100AFB05C /* Supporting Files */ = {
			isa = PBXGroup;
			children = (
				1A9299A61B4E6CC100AFB05C /* Info.plist */,
			);
			name = "Supporting Files";
			sourceTree = "<group>";
		};
		1A9299BA1B4E6CC100AFB05C /* LayoutTests */ = {
			isa = PBXGroup;
			children = (
				1A9299BD1B4E6CC100AFB05C /* LayoutTests.swift */,
				1A9299BB1B4E6CC100AFB05C /* Supporting Files */,
			);
			path = LayoutTests;
			sourceTree = "<group>";
		};
		1A9299BB1B4E6CC100AFB05C /* Supporting Files */ = {
			isa = PBXGroup;
			children = (
				1A9299BC1B4E6CC100AFB05C /* Info.plist */,
			);
			name = "Supporting Files";
			sourceTree = "<group>";
		};
/* End PBXGroup section */

/* Begin PBXHeadersBuildPhase section */
		1A3122851B4E790A0075FF61 /* Headers */ = {
			isa = PBXHeadersBuildPhase;
			buildActionMask = 2147483647;
			files = (
				1A31228D1B4E790A0075FF61 /* LayoutFramework.h in Headers */,
			);
			runOnlyForDeploymentPostprocessing = 0;
		};
/* End PBXHeadersBuildPhase section */

/* Begin PBXNativeTarget section */
		1A3122871B4E790A0075FF61 /* LayoutFramework */ = {
			isa = PBXNativeTarget;
			buildConfigurationList = 1A3122A51B4E790A0075FF61 /* Build configuration list for PBXNativeTarget "LayoutFramework" */;
			buildPhases = (
				1A3122831B4E790A0075FF61 /* Sources */,
				1A3122841B4E790A0075FF61 /* Frameworks */,
				1A3122851B4E790A0075FF61 /* Headers */,
				1A3122861B4E790A0075FF61 /* Resources */,
			);
			buildRules = (
			);
			dependencies = (
			);
			name = LayoutFramework;
			productName = LayoutFramework;
			productReference = 1A3122881B4E790A0075FF61 /* LayoutFramework.framework */;
			productType = "com.apple.product-type.framework";
		};
		1A3122911B4E790A0075FF61 /* LayoutFrameworkTests */ = {
			isa = PBXNativeTarget;
			buildConfigurationList = 1A3122A71B4E790A0075FF61 /* Build configuration list for PBXNativeTarget "LayoutFrameworkTests" */;
			buildPhases = (
				1A31228E1B4E790A0075FF61 /* Sources */,
				1A31228F1B4E790A0075FF61 /* Frameworks */,
				1A3122901B4E790A0075FF61 /* Resources */,
			);
			buildRules = (
			);
			dependencies = (
				1A3122951B4E790A0075FF61 /* PBXTargetDependency */,
				1A3122971B4E790A0075FF61 /* PBXTargetDependency */,
			);
			name = LayoutFrameworkTests;
			productName = LayoutFrameworkTests;
			productReference = 1A3122921B4E790A0075FF61 /* LayoutFrameworkTests.xctest */;
			productType = "com.apple.product-type.bundle.unit-test";
		};
		1A9299A11B4E6CC100AFB05C /* Layout */ = {
			isa = PBXNativeTarget;
			buildConfigurationList = 1A9299C11B4E6CC100AFB05C /* Build configuration list for PBXNativeTarget "Layout" */;
			buildPhases = (
				1A92999E1B4E6CC100AFB05C /* Sources */,
				1A92999F1B4E6CC100AFB05C /* Frameworks */,
				1A9299A01B4E6CC100AFB05C /* Resources */,
				1A3122A61B4E790A0075FF61 /* Embed Frameworks */,
			);
			buildRules = (
			);
			dependencies = (
				1A31229E1B4E790A0075FF61 /* PBXTargetDependency */,
			);
			name = Layout;
			productName = Layout;
			productReference = 1A9299A21B4E6CC100AFB05C /* Layout.app */;
			productType = "com.apple.product-type.application";
		};
		1A9299B61B4E6CC100AFB05C /* LayoutTests */ = {
			isa = PBXNativeTarget;
			buildConfigurationList = 1A9299C41B4E6CC100AFB05C /* Build configuration list for PBXNativeTarget "LayoutTests" */;
			buildPhases = (
				1A9299B31B4E6CC100AFB05C /* Sources */,
				1A9299B41B4E6CC100AFB05C /* Frameworks */,
				1A9299B51B4E6CC100AFB05C /* Resources */,
			);
			buildRules = (
			);
			dependencies = (
				1A9299B91B4E6CC100AFB05C /* PBXTargetDependency */,
			);
			name = LayoutTests;
			productName = LayoutTests;
			productReference = 1A9299B71B4E6CC100AFB05C /* LayoutTests.xctest */;
			productType = "com.apple.product-type.bundle.unit-test";
		};
/* End PBXNativeTarget section */

/* Begin PBXProject section */
		1A92999A1B4E6CC100AFB05C /* Project object */ = {
			isa = PBXProject;
			attributes = {
				LastSwiftUpdateCheck = 0700;
				LastUpgradeCheck = 0630;
				ORGANIZATIONNAME = "James Tang";
				TargetAttributes = {
					1A3122871B4E790A0075FF61 = {
						CreatedOnToolsVersion = 6.3.1;
					};
					1A3122911B4E790A0075FF61 = {
						CreatedOnToolsVersion = 6.3.1;
						TestTargetID = 1A9299A11B4E6CC100AFB05C;
					};
					1A9299A11B4E6CC100AFB05C = {
						CreatedOnToolsVersion = 6.3.1;
					};
					1A9299B61B4E6CC100AFB05C = {
						CreatedOnToolsVersion = 6.3.1;
						TestTargetID = 1A9299A11B4E6CC100AFB05C;
					};
				};
			};
			buildConfigurationList = 1A92999D1B4E6CC100AFB05C /* Build configuration list for PBXProject "Layout" */;
			compatibilityVersion = "Xcode 3.2";
			developmentRegion = English;
			hasScannedForEncodings = 0;
			knownRegions = (
				en,
				Base,
			);
			mainGroup = 1A9299991B4E6CC100AFB05C;
			productRefGroup = 1A9299A31B4E6CC100AFB05C /* Products */;
			projectDirPath = "";
			projectRoot = "";
			targets = (
				1A9299A11B4E6CC100AFB05C /* Layout */,
				1A9299B61B4E6CC100AFB05C /* LayoutTests */,
				1A3122871B4E790A0075FF61 /* LayoutFramework */,
				1A3122911B4E790A0075FF61 /* LayoutFrameworkTests */,
			);
		};
/* End PBXProject section */

/* Begin PBXResourcesBuildPhase section */
		1A3122861B4E790A0075FF61 /* Resources */ = {
			isa = PBXResourcesBuildPhase;
			buildActionMask = 2147483647;
			files = (
			);
			runOnlyForDeploymentPostprocessing = 0;
		};
		1A3122901B4E790A0075FF61 /* Resources */ = {
			isa = PBXResourcesBuildPhase;
			buildActionMask = 2147483647;
			files = (
			);
			runOnlyForDeploymentPostprocessing = 0;
		};
		1A9299A01B4E6CC100AFB05C /* Resources */ = {
			isa = PBXResourcesBuildPhase;
			buildActionMask = 2147483647;
			files = (
				1A9299AD1B4E6CC100AFB05C /* Main.storyboard in Resources */,
				1A9299B21B4E6CC100AFB05C /* LaunchScreen.xib in Resources */,
				1A9299AF1B4E6CC100AFB05C /* Images.xcassets in Resources */,
			);
			runOnlyForDeploymentPostprocessing = 0;
		};
		1A9299B51B4E6CC100AFB05C /* Resources */ = {
			isa = PBXResourcesBuildPhase;
			buildActionMask = 2147483647;
			files = (
			);
			runOnlyForDeploymentPostprocessing = 0;
		};
/* End PBXResourcesBuildPhase section */

/* Begin PBXSourcesBuildPhase section */
		1A3122831B4E790A0075FF61 /* Sources */ = {
			isa = PBXSourcesBuildPhase;
			buildActionMask = 2147483647;
			files = (
				1A3122A91B4E791C0075FF61 /* Sizable.swift in Sources */,
				1A3EA5441B4EB0400008708F /* StackView.swift in Sources */,
				1A3122B31B4E7E640075FF61 /* Stack.swift in Sources */,
				1A3122AB1B4E793C0075FF61 /* PlainText.swift in Sources */,
				1A3122B91B4E80230075FF61 /* FixedObject.swift in Sources */,
				1A3EA54E1B4EB9E00008708F /* StackCollectionViewLayout.swift in Sources */,
				1A3EA53E1B4E9CDA0008708F /* Drawable.swift in Sources */,
				1A3EA5421B4EAFCB0008708F /* StackCollectionViewCell.swift in Sources */,
				1A3EA5541B4EE3500008708F /* FlexibleObject.swift in Sources */,
			);
			runOnlyForDeploymentPostprocessing = 0;
		};
		1A31228E1B4E790A0075FF61 /* Sources */ = {
			isa = PBXSourcesBuildPhase;
			buildActionMask = 2147483647;
			files = (
				1A3122B51B4E7EA90075FF61 /* SizableTests.swift in Sources */,
				1A31229C1B4E790A0075FF61 /* LayoutFrameworkTests.swift in Sources */,
				1A6145BF1B4E81B900646E89 /* StackTests.swift in Sources */,
				1A3EA5521B4EDFD50008708F /* FlexibleObjectTests.swift in Sources */,
				1A3EA5401B4E9F310008708F /* PlainTextTests.swift in Sources */,
			);
			runOnlyForDeploymentPostprocessing = 0;
		};
		1A92999E1B4E6CC100AFB05C /* Sources */ = {
			isa = PBXSourcesBuildPhase;
			buildActionMask = 2147483647;
			files = (
				1A3EA5461B4EB0CD0008708F /* CollectionViewController.swift in Sources */,
				1A3EA5501B4ECA300008708F /* StackCollectionViewController.swift in Sources */,
				1A9299AA1B4E6CC100AFB05C /* ViewController.swift in Sources */,
				1A9299A81B4E6CC100AFB05C /* AppDelegate.swift in Sources */,
				1A3EA5481B4EB1030008708F /* Constants.swift in Sources */,
			);
			runOnlyForDeploymentPostprocessing = 0;
		};
		1A9299B31B4E6CC100AFB05C /* Sources */ = {
			isa = PBXSourcesBuildPhase;
			buildActionMask = 2147483647;
			files = (
				1A9299BE1B4E6CC100AFB05C /* LayoutTests.swift in Sources */,
			);
			runOnlyForDeploymentPostprocessing = 0;
		};
/* End PBXSourcesBuildPhase section */

/* Begin PBXTargetDependency section */
		1A3122951B4E790A0075FF61 /* PBXTargetDependency */ = {
			isa = PBXTargetDependency;
			target = 1A3122871B4E790A0075FF61 /* LayoutFramework */;
			targetProxy = 1A3122941B4E790A0075FF61 /* PBXContainerItemProxy */;
		};
		1A3122971B4E790A0075FF61 /* PBXTargetDependency */ = {
			isa = PBXTargetDependency;
			target = 1A9299A11B4E6CC100AFB05C /* Layout */;
			targetProxy = 1A3122961B4E790A0075FF61 /* PBXContainerItemProxy */;
		};
		1A31229E1B4E790A0075FF61 /* PBXTargetDependency */ = {
			isa = PBXTargetDependency;
			target = 1A3122871B4E790A0075FF61 /* LayoutFramework */;
			targetProxy = 1A31229D1B4E790A0075FF61 /* PBXContainerItemProxy */;
		};
		1A9299B91B4E6CC100AFB05C /* PBXTargetDependency */ = {
			isa = PBXTargetDependency;
			target = 1A9299A11B4E6CC100AFB05C /* Layout */;
			targetProxy = 1A9299B81B4E6CC100AFB05C /* PBXContainerItemProxy */;
		};
/* End PBXTargetDependency section */

/* Begin PBXVariantGroup section */
		1A9299AB1B4E6CC100AFB05C /* Main.storyboard */ = {
			isa = PBXVariantGroup;
			children = (
				1A9299AC1B4E6CC100AFB05C /* Base */,
			);
			name = Main.storyboard;
			sourceTree = "<group>";
		};
		1A9299B01B4E6CC100AFB05C /* LaunchScreen.xib */ = {
			isa = PBXVariantGroup;
			children = (
				1A9299B11B4E6CC100AFB05C /* Base */,
			);
			name = LaunchScreen.xib;
			sourceTree = "<group>";
		};
/* End PBXVariantGroup section */

/* Begin XCBuildConfiguration section */
		1A3122A11B4E790A0075FF61 /* Debug */ = {
			isa = XCBuildConfiguration;
			buildSettings = {
				CLANG_ENABLE_MODULES = YES;
				CURRENT_PROJECT_VERSION = 1;
				DEFINES_MODULE = YES;
				DYLIB_COMPATIBILITY_VERSION = 1;
				DYLIB_CURRENT_VERSION = 1;
				DYLIB_INSTALL_NAME_BASE = "@rpath";
				GCC_PREPROCESSOR_DEFINITIONS = (
					"DEBUG=1",
					"$(inherited)",
				);
				INFOPLIST_FILE = LayoutFramework/Info.plist;
				INSTALL_PATH = "$(LOCAL_LIBRARY_DIR)/Frameworks";
				LD_RUNPATH_SEARCH_PATHS = "$(inherited) @executable_path/Frameworks @loader_path/Frameworks";
				PRODUCT_NAME = "$(TARGET_NAME)";
				SKIP_INSTALL = YES;
				SWIFT_OPTIMIZATION_LEVEL = "-Onone";
				TARGETED_DEVICE_FAMILY = "1,2";
				VERSIONING_SYSTEM = "apple-generic";
				VERSION_INFO_PREFIX = "";
			};
			name = Debug;
		};
		1A3122A21B4E790A0075FF61 /* Release */ = {
			isa = XCBuildConfiguration;
			buildSettings = {
				CLANG_ENABLE_MODULES = YES;
				CURRENT_PROJECT_VERSION = 1;
				DEFINES_MODULE = YES;
				DYLIB_COMPATIBILITY_VERSION = 1;
				DYLIB_CURRENT_VERSION = 1;
				DYLIB_INSTALL_NAME_BASE = "@rpath";
				INFOPLIST_FILE = LayoutFramework/Info.plist;
				INSTALL_PATH = "$(LOCAL_LIBRARY_DIR)/Frameworks";
				LD_RUNPATH_SEARCH_PATHS = "$(inherited) @executable_path/Frameworks @loader_path/Frameworks";
				PRODUCT_NAME = "$(TARGET_NAME)";
				SKIP_INSTALL = YES;
				TARGETED_DEVICE_FAMILY = "1,2";
				VERSIONING_SYSTEM = "apple-generic";
				VERSION_INFO_PREFIX = "";
			};
			name = Release;
		};
		1A3122A31B4E790A0075FF61 /* Debug */ = {
			isa = XCBuildConfiguration;
			buildSettings = {
				FRAMEWORK_SEARCH_PATHS = (
					"$(SDKROOT)/Developer/Library/Frameworks",
					"$(inherited)",
				);
				GCC_PREPROCESSOR_DEFINITIONS = (
					"DEBUG=1",
					"$(inherited)",
				);
				INFOPLIST_FILE = LayoutFrameworkTests/Info.plist;
				LD_RUNPATH_SEARCH_PATHS = "$(inherited) @executable_path/Frameworks @loader_path/Frameworks";
				PRODUCT_NAME = "$(TARGET_NAME)";
				TEST_HOST = "$(BUILT_PRODUCTS_DIR)/Layout.app/Layout";
			};
			name = Debug;
		};
		1A3122A41B4E790A0075FF61 /* Release */ = {
			isa = XCBuildConfiguration;
			buildSettings = {
				FRAMEWORK_SEARCH_PATHS = (
					"$(SDKROOT)/Developer/Library/Frameworks",
					"$(inherited)",
				);
				INFOPLIST_FILE = LayoutFrameworkTests/Info.plist;
				LD_RUNPATH_SEARCH_PATHS = "$(inherited) @executable_path/Frameworks @loader_path/Frameworks";
				PRODUCT_NAME = "$(TARGET_NAME)";
				TEST_HOST = "$(BUILT_PRODUCTS_DIR)/Layout.app/Layout";
			};
			name = Release;
		};
		1A9299BF1B4E6CC100AFB05C /* Debug */ = {
			isa = XCBuildConfiguration;
			buildSettings = {
				ALWAYS_SEARCH_USER_PATHS = NO;
				CLANG_CXX_LANGUAGE_STANDARD = "gnu++0x";
				CLANG_CXX_LIBRARY = "libc++";
				CLANG_ENABLE_MODULES = YES;
				CLANG_ENABLE_OBJC_ARC = YES;
				CLANG_WARN_BOOL_CONVERSION = YES;
				CLANG_WARN_CONSTANT_CONVERSION = YES;
				CLANG_WARN_DIRECT_OBJC_ISA_USAGE = YES_ERROR;
				CLANG_WARN_EMPTY_BODY = YES;
				CLANG_WARN_ENUM_CONVERSION = YES;
				CLANG_WARN_INT_CONVERSION = YES;
				CLANG_WARN_OBJC_ROOT_CLASS = YES_ERROR;
				CLANG_WARN_UNREACHABLE_CODE = YES;
				CLANG_WARN__DUPLICATE_METHOD_MATCH = YES;
				"CODE_SIGN_IDENTITY[sdk=iphoneos*]" = "iPhone Developer";
				COPY_PHASE_STRIP = NO;
				DEBUG_INFORMATION_FORMAT = "dwarf-with-dsym";
				ENABLE_STRICT_OBJC_MSGSEND = YES;
				GCC_C_LANGUAGE_STANDARD = gnu99;
				GCC_DYNAMIC_NO_PIC = NO;
				GCC_NO_COMMON_BLOCKS = YES;
				GCC_OPTIMIZATION_LEVEL = 0;
				GCC_PREPROCESSOR_DEFINITIONS = (
					"DEBUG=1",
					"$(inherited)",
				);
				GCC_SYMBOLS_PRIVATE_EXTERN = NO;
				GCC_WARN_64_TO_32_BIT_CONVERSION = YES;
				GCC_WARN_ABOUT_RETURN_TYPE = YES_ERROR;
				GCC_WARN_UNDECLARED_SELECTOR = YES;
				GCC_WARN_UNINITIALIZED_AUTOS = YES_AGGRESSIVE;
				GCC_WARN_UNUSED_FUNCTION = YES;
				GCC_WARN_UNUSED_VARIABLE = YES;
				IPHONEOS_DEPLOYMENT_TARGET = 8.3;
				MTL_ENABLE_DEBUG_INFO = YES;
				ONLY_ACTIVE_ARCH = YES;
				SDKROOT = iphoneos;
				SWIFT_OPTIMIZATION_LEVEL = "-Onone";
			};
			name = Debug;
		};
		1A9299C01B4E6CC100AFB05C /* Release */ = {
			isa = XCBuildConfiguration;
			buildSettings = {
				ALWAYS_SEARCH_USER_PATHS = NO;
				CLANG_CXX_LANGUAGE_STANDARD = "gnu++0x";
				CLANG_CXX_LIBRARY = "libc++";
				CLANG_ENABLE_MODULES = YES;
				CLANG_ENABLE_OBJC_ARC = YES;
				CLANG_WARN_BOOL_CONVERSION = YES;
				CLANG_WARN_CONSTANT_CONVERSION = YES;
				CLANG_WARN_DIRECT_OBJC_ISA_USAGE = YES_ERROR;
				CLANG_WARN_EMPTY_BODY = YES;
				CLANG_WARN_ENUM_CONVERSION = YES;
				CLANG_WARN_INT_CONVERSION = YES;
				CLANG_WARN_OBJC_ROOT_CLASS = YES_ERROR;
				CLANG_WARN_UNREACHABLE_CODE = YES;
				CLANG_WARN__DUPLICATE_METHOD_MATCH = YES;
				"CODE_SIGN_IDENTITY[sdk=iphoneos*]" = "iPhone Developer";
				COPY_PHASE_STRIP = NO;
				DEBUG_INFORMATION_FORMAT = "dwarf-with-dsym";
				ENABLE_NS_ASSERTIONS = NO;
				ENABLE_STRICT_OBJC_MSGSEND = YES;
				GCC_C_LANGUAGE_STANDARD = gnu99;
				GCC_NO_COMMON_BLOCKS = YES;
				GCC_WARN_64_TO_32_BIT_CONVERSION = YES;
				GCC_WARN_ABOUT_RETURN_TYPE = YES_ERROR;
				GCC_WARN_UNDECLARED_SELECTOR = YES;
				GCC_WARN_UNINITIALIZED_AUTOS = YES_AGGRESSIVE;
				GCC_WARN_UNUSED_FUNCTION = YES;
				GCC_WARN_UNUSED_VARIABLE = YES;
				IPHONEOS_DEPLOYMENT_TARGET = 8.3;
				MTL_ENABLE_DEBUG_INFO = NO;
				SDKROOT = iphoneos;
				VALIDATE_PRODUCT = YES;
			};
			name = Release;
		};
		1A9299C21B4E6CC100AFB05C /* Debug */ = {
			isa = XCBuildConfiguration;
			buildSettings = {
				ASSETCATALOG_COMPILER_APPICON_NAME = AppIcon;
				INFOPLIST_FILE = Layout/Info.plist;
				LD_RUNPATH_SEARCH_PATHS = "$(inherited) @executable_path/Frameworks";
				PRODUCT_NAME = "$(TARGET_NAME)";
			};
			name = Debug;
		};
		1A9299C31B4E6CC100AFB05C /* Release */ = {
			isa = XCBuildConfiguration;
			buildSettings = {
				ASSETCATALOG_COMPILER_APPICON_NAME = AppIcon;
				INFOPLIST_FILE = Layout/Info.plist;
				LD_RUNPATH_SEARCH_PATHS = "$(inherited) @executable_path/Frameworks";
				PRODUCT_NAME = "$(TARGET_NAME)";
			};
			name = Release;
		};
		1A9299C51B4E6CC100AFB05C /* Debug */ = {
			isa = XCBuildConfiguration;
			buildSettings = {
				BUNDLE_LOADER = "$(TEST_HOST)";
				FRAMEWORK_SEARCH_PATHS = (
					"$(SDKROOT)/Developer/Library/Frameworks",
					"$(inherited)",
				);
				GCC_PREPROCESSOR_DEFINITIONS = (
					"DEBUG=1",
					"$(inherited)",
				);
				INFOPLIST_FILE = LayoutTests/Info.plist;
				LD_RUNPATH_SEARCH_PATHS = "$(inherited) @executable_path/Frameworks @loader_path/Frameworks";
				PRODUCT_NAME = "$(TARGET_NAME)";
				TEST_HOST = "$(BUILT_PRODUCTS_DIR)/Layout.app/Layout";
			};
			name = Debug;
		};
		1A9299C61B4E6CC100AFB05C /* Release */ = {
			isa = XCBuildConfiguration;
			buildSettings = {
				BUNDLE_LOADER = "$(TEST_HOST)";
				FRAMEWORK_SEARCH_PATHS = (
					"$(SDKROOT)/Developer/Library/Frameworks",
					"$(inherited)",
				);
				INFOPLIST_FILE = LayoutTests/Info.plist;
				LD_RUNPATH_SEARCH_PATHS = "$(inherited) @executable_path/Frameworks @loader_path/Frameworks";
				PRODUCT_NAME = "$(TARGET_NAME)";
				TEST_HOST = "$(BUILT_PRODUCTS_DIR)/Layout.app/Layout";
			};
			name = Release;
		};
/* End XCBuildConfiguration section */

/* Begin XCConfigurationList section */
		1A3122A51B4E790A0075FF61 /* Build configuration list for PBXNativeTarget "LayoutFramework" */ = {
			isa = XCConfigurationList;
			buildConfigurations = (
				1A3122A11B4E790A0075FF61 /* Debug */,
				1A3122A21B4E790A0075FF61 /* Release */,
			);
			defaultConfigurationIsVisible = 0;
			defaultConfigurationName = Release;
		};
		1A3122A71B4E790A0075FF61 /* Build configuration list for PBXNativeTarget "LayoutFrameworkTests" */ = {
			isa = XCConfigurationList;
			buildConfigurations = (
				1A3122A31B4E790A0075FF61 /* Debug */,
				1A3122A41B4E790A0075FF61 /* Release */,
			);
			defaultConfigurationIsVisible = 0;
			defaultConfigurationName = Release;
		};
		1A92999D1B4E6CC100AFB05C /* Build configuration list for PBXProject "Layout" */ = {
			isa = XCConfigurationList;
			buildConfigurations = (
				1A9299BF1B4E6CC100AFB05C /* Debug */,
				1A9299C01B4E6CC100AFB05C /* Release */,
			);
			defaultConfigurationIsVisible = 0;
			defaultConfigurationName = Release;
		};
		1A9299C11B4E6CC100AFB05C /* Build configuration list for PBXNativeTarget "Layout" */ = {
			isa = XCConfigurationList;
			buildConfigurations = (
				1A9299C21B4E6CC100AFB05C /* Debug */,
				1A9299C31B4E6CC100AFB05C /* Release */,
			);
			defaultConfigurationIsVisible = 0;
			defaultConfigurationName = Release;
		};
		1A9299C41B4E6CC100AFB05C /* Build configuration list for PBXNativeTarget "LayoutTests" */ = {
			isa = XCConfigurationList;
			buildConfigurations = (
				1A9299C51B4E6CC100AFB05C /* Debug */,
				1A9299C61B4E6CC100AFB05C /* Release */,
			);
			defaultConfigurationIsVisible = 0;
			defaultConfigurationName = Release;
		};
/* End XCConfigurationList section */
	};
	rootObject = 1A92999A1B4E6CC100AFB05C /* Project object */;
}
